
Microsoft Visual Studio Solution File, Format Version 12.00
# Visual Studio Version 16
VisualStudioVersion = 16.0.30104.148
MinimumVisualStudioVersion = 10.0.40219.1
Project("{FAE04EC0-301F-11D3-BF4B-00C04F79EFBC}") = "KK_ClothingStateMenu", "KK_ClothingStateMenu\KK_ClothingStateMenu.csproj", "{969DCCE7-796A-4234-B182-5456A6CF0ADD}"
EndProject
Project("{FAE04EC0-301F-11D3-BF4B-00C04F79EFBC}") = "EC_ClothingStateMenu", "EC_ClothingStateMenu\EC_ClothingStateMenu.csproj", "{4E5A5CE7-44FD-497C-8968-03134A90E93D}"
EndProject
Project("{D954291E-2A0B-460D-934E-DC6B0785DB48}") = "Shared", "Shared\Shared.shproj", "{E2F7C946-51A2-4D1F-B57C-557638C47BD6}"
EndProject
Global
	GlobalSection(SharedMSBuildProjectFiles) = preSolution
		Shared\Shared.projitems*{4e5a5ce7-44fd-497c-8968-03134a90e93d}*SharedItemsImports = 4
		Shared\Shared.projitems*{969dcce7-796a-4234-b182-5456a6cf0add}*SharedItemsImports = 4
		Shared\Shared.projitems*{e2f7c946-51a2-4d1f-b57c-557638c47bd6}*SharedItemsImports = 13
	EndGlobalSection
	GlobalSection(SolutionConfigurationPlatforms) = preSolution
		Debug|Any CPU = Debug|Any CPU
		Release|Any CPU = Release|Any CPU
	EndGlobalSection
	GlobalSection(ProjectConfigurationPlatforms) = postSolution
		{969DCCE7-796A-4234-B182-5456A6CF0ADD}.Debug|Any CPU.ActiveCfg = Debug|Any CPU
		{969DCCE7-796A-4234-B182-5456A6CF0ADD}.Debug|Any CPU.Build.0 = Debug|Any CPU
		{969DCCE7-796A-4234-B182-5456A6CF0ADD}.Release|Any CPU.ActiveCfg = Release|Any CPU
		{969DCCE7-796A-4234-B182-5456A6CF0ADD}.Release|Any CPU.Build.0 = Release|Any CPU
		{4E5A5CE7-44FD-497C-8968-03134A90E93D}.Debug|Any CPU.ActiveCfg = Debug|Any CPU
		{4E5A5CE7-44FD-497C-8968-03134A90E93D}.Debug|Any CPU.Build.0 = Debug|Any CPU
		{4E5A5CE7-44FD-497C-8968-03134A90E93D}.Release|Any CPU.ActiveCfg = Release|Any CPU
		{4E5A5CE7-44FD-497C-8968-03134A90E93D}.Release|Any CPU.Build.0 = Release|Any CPU
	EndGlobalSection
	GlobalSection(SolutionProperties) = preSolution
		HideSolutionNode = FALSE
	EndGlobalSection
	GlobalSection(ExtensibilityGlobals) = postSolution
		SolutionGuid = {BA00CF0D-C1D0-413C-81D7-B70E2FDB3DC2}
	EndGlobalSection
EndGlobal
